{
  "name": "bilibili-video-extract",
  "version": "1.3.2",
  "lockfileVersion": 3,
  "requires": true,
  "packages": {
    "": {
      "name": "bilibili-video-extract",
      "version": "1.3.2",
      "cpu": [
        "arm64"
      ],
      "license": "MIT",
      "os": [
        "android"
      ],
      "dependencies": {
        "adb-android-arm64": "^3.0.4",
        "commander": "^11.0.0",
        "ffmpeg-android-arm64": "^4.0.2",
        "lodash": "^4.17.21",
        "readline-sync": "^1.4.10"
      },
      "bin": {
        "bve": "index.js"
      },
      "devDependencies": {
        "@types/node": "^20.9.0"
      }
    },
    "node_modules/@types/node": {
      "version": "20.9.0",
      "resolved": "https://registry.npmmirror.com/@types/node/-/node-20.9.0.tgz",
      "integrity": "sha512-nekiGu2NDb1BcVofVcEKMIwzlx4NjHlcjhoxxKBNLtz15Y1z7MYf549DFvkHSId02Ax6kGwWntIBPC3l/JZcmw==",
      "dev": true,
      "dependencies": {
        "undici-types": "~5.26.4"
      }
    },
    "node_modules/adb-android-arm64": {
      "version": "3.0.4",
      "resolved": "https://registry.npmjs.org/adb-android-arm64/-/adb-android-arm64-3.0.4.tgz",
      "integrity": "sha512-SSs66JWbqldjBJCYDJQLxd92lhkhQNzMbsr6lSr7wwhCwa2CWlo8brzHtb7lbbEZlGiP8Lmf9A/EjTysjZ3hbA==",
      "cpu": [
        "arm64"
      ],
      "hasInstallScript": true,
      "license": "GPLv3",
      "os": [
        "android"
      ]
    },
    "node_modules/commander": {
      "version": "11.0.0",
      "resolved": "https://registry.npmmirror.com/commander/-/commander-11.0.0.tgz",
      "integrity": "sha512-9HMlXtt/BNoYr8ooyjjNRdIilOTkVJXB+GhxMTtOKwk0R4j4lS4NpjuqmRxroBfnfTSHQIHQB7wryHhXarNjmQ==",
      "engines": {
        "node": ">=16"
      }
    },
    "node_modules/ffmpeg-android-arm64": {
      "version": "4.0.2",
      "resolved": "https://registry.npmjs.org/ffmpeg-android-arm64/-/ffmpeg-android-arm64-4.0.2.tgz",
      "integrity": "sha512-H6LhWXdwC4iyZfDAdxIZtd6+v8JNPHPkQo/U5RpkntxJjRBIH7XVqH4CxuQPcAhJzHANYVG5i05Q+j4PtDL3Ig==",
      "cpu": [
        "arm64"
      ],
      "hasInstallScript": true,
      "license": "GPLv3",
      "os": [
        "android"
      ]
    },
    "node_modules/lodash": {
      "version": "4.17.21",
      "resolved": "https://registry.npmjs.org/lodash/-/lodash-4.17.21.tgz",
      "integrity": "sha512-v2kDEe57lecTulaDIuNTPy3Ry4gLGJ6Z1O3vE1krgXZNrsQ+LFTGHVxVjcXPs17LhbZVGedAJv8XZ1tvj5FvSg==",
      "license": "MIT"
    },
    "node_modules/readline-sync": {
      "version": "1.4.10",
      "resolved": "https://registry.npmmirror.com/readline-sync/-/readline-sync-1.4.10.tgz",
      "integrity": "sha512-gNva8/6UAe8QYepIQH/jQ2qn91Qj0B9sYjMBBs3QOB8F2CXcKgLxQaJRP76sWVRQt+QU+8fAkCbCvjjMFu7Ycw==",
      "engines": {
        "node": ">= 0.8.0"
      }
    },
    "node_modules/undici-types": {
      "version": "5.26.5",
      "resolved": "https://registry.npmmirror.com/undici-types/-/undici-types-5.26.5.tgz",
      "integrity": "sha512-JlCMO+ehdEIKqlFxk6IfVoAUVmgz7cU7zD/h9XZ0qzeosSHmUJVOzSQvvYSYWXkFXC+IfLKSIffhv0sVZup6pA==",
      "dev": true
    }
  }
}
